{
    __meta__ = {
        version = "1.0"
    },
    ["android|arm64-v8a"] = {
        ["libjpeg#cc6fd101"] = {
            repo = {
                branch = "master",
                commit = "d1deb70ec54e900fbd0ef97cb59e3ef842b23f67",
                url = "https://gitee.com/tboox/xmake-repo.git"
            },
            version = "v9d"
        }
    },
    ["android|armeabi-v7a"] = {
        ["libjpeg#cc6fd101"] = {
            repo = {
                branch = "master",
                commit = "d1deb70ec54e900fbd0ef97cb59e3ef842b23f67",
                url = "https://gitee.com/tboox/xmake-repo.git"
            },
            version = "v9d"
        }
    },
    ["macosx|x86_64"] = {
        ["cmake#31fecfc4"] = {
            repo = {
                branch = "master",
                commit = "2de778a11f2f14aeef076f914314eed872535f4b",
                url = "https://gitee.com/tboox/xmake-repo.git"
            },
            version = "3.21.0"
        },
        ["libjpeg-turbo#31fecfc4"] = {
            repo = {
                branch = "master",
                commit = "2de778a11f2f14aeef076f914314eed872535f4b",
                url = "https://gitee.com/tboox/xmake-repo.git"
            },
            version = "2.1.1"
        },
        ["nasm#31fecfc4"] = {
            repo = {
                branch = "master",
                commit = "2de778a11f2f14aeef076f914314eed872535f4b",
                url = "https://gitee.com/tboox/xmake-repo.git"
            },
            version = "2.15.05"
        }
    }
}