{
    __meta__ = {
        version = "1.0"
    },
    ["android|arm64-v8a"] = {
        ["libjpeg#cc6fd101"] = {
            repo = {
                branch = "master",
                commit = "d1deb70ec54e900fbd0ef97cb59e3ef842b23f67",
                url = "https://gitee.com/tboox/xmake-repo.git"
            },
            version = "v9d"
        }
    },
    ["android|armeabi-v7a"] = {
        ["libjpeg#cc6fd101"] = {
            repo = {
                branch = "master",
                commit = "d1deb70ec54e900fbd0ef97cb59e3ef842b23f67",
                url = "https://gitee.com/tboox/xmake-repo.git"
            },
            version = "v9d"
        }
    },
    ["linux|x86_64"] = {
        ["bison#31fecfc4"] = {
            repo = {
                branch = "master",
                commit = "d1deb70ec54e900fbd0ef97cb59e3ef842b23f67",
                url = "https://github.com/xmake-io/xmake-repo.git"
            },
            version = "3.7.6"
        },
        ["cmake#31fecfc4"] = {
            repo = {
                branch = "master",
                commit = "d1deb70ec54e900fbd0ef97cb59e3ef842b23f67",
                url = "https://github.com/xmake-io/xmake-repo.git"
            },
            version = "3.21.0"
        },
        ["expat#31fecfc4"] = {
            repo = {
                branch = "master",
                commit = "d1deb70ec54e900fbd0ef97cb59e3ef842b23f67",
                url = "https://github.com/xmake-io/xmake-repo.git"
            },
            version = "2.4.1"
        },
        ["glfw#31fecfc4"] = {
            repo = {
                branch = "master",
                commit = "d1deb70ec54e900fbd0ef97cb59e3ef842b23f67",
                url = "https://github.com/xmake-io/xmake-repo.git"
            },
            version = "3.3.4"
        },
        ["libffi#31fecfc4"] = {
            repo = {
                branch = "master",
                commit = "d1deb70ec54e900fbd0ef97cb59e3ef842b23f67",
                url = "https://github.com/xmake-io/xmake-repo.git"
            },
            version = "3.3"
        },
        ["libpng#31fecfc4"] = {
            repo = {
                branch = "master",
                commit = "d1deb70ec54e900fbd0ef97cb59e3ef842b23f67",
                url = "https://github.com/xmake-io/xmake-repo.git"
            },
            version = "v1.6.37"
        },
        ["libpthread-stubs#31fecfc4"] = {
            repo = {
                branch = "master",
                commit = "17d9d637d677d996a6cfd7f53c7f02a72c132a16",
                url = "https://github.com/xmake-io/xmake-repo.git"
            },
            version = "0.4"
        },
        ["libx11#31fecfc4"] = {
            repo = {
                branch = "master",
                commit = "d1deb70ec54e900fbd0ef97cb59e3ef842b23f67",
                url = "https://github.com/xmake-io/xmake-repo.git"
            },
            version = "1.7.0"
        },
        ["libxau#31fecfc4"] = {
            repo = {
                branch = "master",
                commit = "d1deb70ec54e900fbd0ef97cb59e3ef842b23f67",
                url = "https://github.com/xmake-io/xmake-repo.git"
            },
            version = "1.0.9"
        },
        ["libxcb#31fecfc4"] = {
            repo = {
                branch = "master",
                commit = "d1deb70ec54e900fbd0ef97cb59e3ef842b23f67",
                url = "https://github.com/xmake-io/xmake-repo.git"
            },
            version = "1.14"
        },
        ["libxcursor#31fecfc4"] = {
            repo = {
                branch = "master",
                commit = "d1deb70ec54e900fbd0ef97cb59e3ef842b23f67",
                url = "https://github.com/xmake-io/xmake-repo.git"
            },
            version = "1.2.0"
        },
        ["libxdmcp#31fecfc4"] = {
            repo = {
                branch = "master",
                commit = "d1deb70ec54e900fbd0ef97cb59e3ef842b23f67",
                url = "https://github.com/xmake-io/xmake-repo.git"
            },
            version = "1.1.3"
        },
        ["libxext#31fecfc4"] = {
            repo = {
                branch = "master",
                commit = "17d9d637d677d996a6cfd7f53c7f02a72c132a16",
                url = "https://github.com/xmake-io/xmake-repo.git"
            },
            version = "1.3.4"
        },
        ["libxfixes#31fecfc4"] = {
            repo = {
                branch = "master",
                commit = "d1deb70ec54e900fbd0ef97cb59e3ef842b23f67",
                url = "https://github.com/xmake-io/xmake-repo.git"
            },
            version = "5.0.3"
        },
        ["libxi#31fecfc4"] = {
            repo = {
                branch = "master",
                commit = "d1deb70ec54e900fbd0ef97cb59e3ef842b23f67",
                url = "https://github.com/xmake-io/xmake-repo.git"
            },
            version = "1.7.10"
        },
        ["libxinerama#31fecfc4"] = {
            repo = {
                branch = "master",
                commit = "d1deb70ec54e900fbd0ef97cb59e3ef842b23f67",
                url = "https://github.com/xmake-io/xmake-repo.git"
            },
            version = "1.1.4"
        },
        ["libxkbcommon#31fecfc4"] = {
            repo = {
                branch = "master",
                commit = "d1deb70ec54e900fbd0ef97cb59e3ef842b23f67",
                url = "https://github.com/xmake-io/xmake-repo.git"
            },
            version = "1.0.3"
        },
        ["libxml2#31fecfc4"] = {
            repo = {
                branch = "master",
                commit = "d1deb70ec54e900fbd0ef97cb59e3ef842b23f67",
                url = "https://github.com/xmake-io/xmake-repo.git"
            },
            version = "2.9.12"
        },
        ["libxrandr#31fecfc4"] = {
            repo = {
                branch = "master",
                commit = "17d9d637d677d996a6cfd7f53c7f02a72c132a16",
                url = "https://github.com/xmake-io/xmake-repo.git"
            },
            version = "1.5.2"
        },
        ["libxrender#31fecfc4"] = {
            repo = {
                branch = "master",
                commit = "17d9d637d677d996a6cfd7f53c7f02a72c132a16",
                url = "https://github.com/xmake-io/xmake-repo.git"
            },
            version = "0.9.10"
        },
        ["m4#31fecfc4"] = {
            repo = {
                branch = "master",
                commit = "d1deb70ec54e900fbd0ef97cb59e3ef842b23f67",
                url = "https://github.com/xmake-io/xmake-repo.git"
            },
            version = "1.4.19"
        },
        ["meson#31fecfc4"] = {
            repo = {
                branch = "master",
                commit = "d1deb70ec54e900fbd0ef97cb59e3ef842b23f67",
                url = "https://github.com/xmake-io/xmake-repo.git"
            },
            version = "0.59.1"
        },
        ["ninja#31fecfc4"] = {
            repo = {
                branch = "master",
                commit = "25ab9366fc42f832b04019abfd79d1b11a5ca1f6",
                url = "https://github.com/xmake-io/xmake-repo.git"
            },
            version = "1.10.2"
        },
        ["opengl#31fecfc4"] = {
            repo = {
                branch = "master",
                commit = "d1deb70ec54e900fbd0ef97cb59e3ef842b23f67",
                url = "https://github.com/xmake-io/xmake-repo.git"
            }
        },
        ["openssl#31fecfc4"] = {
            repo = {
                branch = "master",
                commit = "d1deb70ec54e900fbd0ef97cb59e3ef842b23f67",
                url = "https://github.com/xmake-io/xmake-repo.git"
            },
            version = "1.1.1l"
        },
        ["pkg-config#31fecfc4"] = {
            repo = {
                branch = "master",
                commit = "d1deb70ec54e900fbd0ef97cb59e3ef842b23f67",
                url = "https://github.com/xmake-io/xmake-repo.git"
            },
            version = "0.29.2"
        },
        ["python 3.x#31fecfc4"] = {
            repo = {
                branch = "master",
                commit = "d1deb70ec54e900fbd0ef97cb59e3ef842b23f67",
                url = "https://github.com/xmake-io/xmake-repo.git"
            },
            version = "3.9.6"
        },
        ["util-macros#31fecfc4"] = {
            repo = {
                branch = "master",
                commit = "17d9d637d677d996a6cfd7f53c7f02a72c132a16",
                url = "https://github.com/xmake-io/xmake-repo.git"
            },
            version = "1.19.2"
        },
        ["vulkan-headers 1.2.189#31fecfc4"] = {
            repo = {
                branch = "master",
                commit = "17d9d637d677d996a6cfd7f53c7f02a72c132a16",
                url = "https://github.com/xmake-io/xmake-repo.git"
            },
            version = "1.2.189+1"
        },
        ["vulkan-loader#31fecfc4"] = {
            repo = {
                branch = "master",
                commit = "17d9d637d677d996a6cfd7f53c7f02a72c132a16",
                url = "https://github.com/xmake-io/xmake-repo.git"
            },
            version = "1.2.189+1"
        },
        ["wayland#31fecfc4"] = {
            repo = {
                branch = "master",
                commit = "d1deb70ec54e900fbd0ef97cb59e3ef842b23f67",
                url = "https://github.com/xmake-io/xmake-repo.git"
            },
            version = "1.19.0"
        },
        ["xcb-proto#31fecfc4"] = {
            repo = {
                branch = "master",
                commit = "17d9d637d677d996a6cfd7f53c7f02a72c132a16",
                url = "https://github.com/xmake-io/xmake-repo.git"
            },
            version = "1.14.1"
        },
        ["xorgproto#31fecfc4"] = {
            repo = {
                branch = "master",
                commit = "17d9d637d677d996a6cfd7f53c7f02a72c132a16",
                url = "https://github.com/xmake-io/xmake-repo.git"
            },
            version = "2021.3"
        },
        ["xtrans#31fecfc4"] = {
            repo = {
                branch = "master",
                commit = "17d9d637d677d996a6cfd7f53c7f02a72c132a16",
                url = "https://github.com/xmake-io/xmake-repo.git"
            },
            version = "1.4.0"
        },
        ["zlib#31fecfc4"] = {
            repo = {
                branch = "master",
                commit = "d1deb70ec54e900fbd0ef97cb59e3ef842b23f67",
                url = "https://github.com/xmake-io/xmake-repo.git"
            },
            version = "1.2.11"
        }
    },
    ["macosx|x86_64"] = {
        ["cmake#31fecfc4"] = {
            repo = {
                commit = "4498f11267de5112199152ab030ed139c985ad5a",
                url = "/Users/ruki/projects/personal/xmake-repo/"
            },
            version = "3.21.0"
        },
        ["glfw#31fecfc4"] = {
            repo = {
                commit = "eda7adee81bac151f87c507030cc0dd8ab299462",
                url = "/Users/ruki/projects/personal/xmake-repo/"
            },
            version = "3.3.4"
        },
        ["moltenvk#31fecfc4"] = {
            repo = {
                commit = "3eb99e43f695bc86756a537e7b90c445b58042f2",
                url = "/Users/ruki/projects/personal/xmake-repo/"
            },
            version = "1.1.5"
        },
        ["opengl#31fecfc4"] = {
            repo = {
                commit = "eda7adee81bac151f87c507030cc0dd8ab299462",
                url = "/Users/ruki/projects/personal/xmake-repo/"
            }
        }
    }
}