// !$*UTF8*$!
{
	archiveVersion = 1;
	classes = {
	};
	objectVersion = 50;
	objects = {

/* Begin PBXBuildFile section */
		BF01616326EB58F9003E4F22 /* test.jpg in Resources */ = {isa = PBXBuildFile; fileRef = BF01616226EB58F8003E4F22 /* test.jpg */; };
		BF01616426EB58F9003E4F22 /* test.jpg in Resources */ = {isa = PBXBuildFile; fileRef = BF01616226EB58F8003E4F22 /* test.jpg */; };
		BF92B9B526DE344F0092272D /* test.png in Resources */ = {isa = PBXBuildFile; fileRef = BF92B9B426DE344F0092272D /* test.png */; };
		BF92B9B626DE344F0092272D /* test.png in Resources */ = {isa = PBXBuildFile; fileRef = BF92B9B426DE344F0092272D /* test.png */; };
		BFAB861526C2CAA100CCDD70 /* AppDelegate.m in Sources */ = {isa = PBXBuildFile; fileRef = BFAB861426C2CAA100CCDD70 /* AppDelegate.m */; };
		BFAB861826C2CAA200CCDD70 /* SceneDelegate.m in Sources */ = {isa = PBXBuildFile; fileRef = BFAB861726C2CAA200CCDD70 /* SceneDelegate.m */; };
		BFAB861B26C2CAA200CCDD70 /* ViewController.m in Sources */ = {isa = PBXBuildFile; fileRef = BFAB861A26C2CAA200CCDD70 /* ViewController.m */; };
		BFAB862626C2CAA400CCDD70 /* main.m in Sources */ = {isa = PBXBuildFile; fileRef = BFAB862526C2CAA400CCDD70 /* main.m */; };
		BFD9A32926D0CBA600FE500D /* LaunchScreen.storyboard in Resources */ = {isa = PBXBuildFile; fileRef = BFD9A32426D0CBA600FE500D /* LaunchScreen.storyboard */; };
		BFD9A32A26D0CBA600FE500D /* Main.storyboard in Resources */ = {isa = PBXBuildFile; fileRef = BFD9A32626D0CBA600FE500D /* Main.storyboard */; };
		BFD9A32E26D0CD6F00FE500D /* ViewController.m in Sources */ = {isa = PBXBuildFile; fileRef = BFAB861A26C2CAA200CCDD70 /* ViewController.m */; };
		BFD9A32F26D0CD6F00FE500D /* main.m in Sources */ = {isa = PBXBuildFile; fileRef = BFAB862526C2CAA400CCDD70 /* main.m */; };
		BFD9A33626D0D4A100FE500D /* Info.plist in Resources */ = {isa = PBXBuildFile; fileRef = BFD9A33226D0D4A000FE500D /* Info.plist */; };
		BFD9A34126D0D5AA00FE500D /* Main.storyboard in Resources */ = {isa = PBXBuildFile; fileRef = BFD9A33F26D0D5AA00FE500D /* Main.storyboard */; };
/* End PBXBuildFile section */

/* Begin PBXCopyFilesBuildPhase section */
		BFBF30A426C2CC180036AEB3 /* Embed Frameworks */ = {
			isa = PBXCopyFilesBuildPhase;
			buildActionMask = 12;
			dstPath = "";
			dstSubfolderSpec = 10;
			files = (
			);
			name = "Embed Frameworks";
			runOnlyForDeploymentPostprocessing = 0;
		};
/* End PBXCopyFilesBuildPhase section */

/* Begin PBXFileReference section */
		BF01616226EB58F8003E4F22 /* test.jpg */ = {isa = PBXFileReference; lastKnownFileType = image.jpeg; path = test.jpg; sourceTree = "<group>"; };
		BF86508D26D6491B005917D1 /* RenderPipeline.h */ = {isa = PBXFileReference; lastKnownFileType = sourcecode.c.h; path = RenderPipeline.h; sourceTree = "<group>"; };
		BF86508E26D6491B005917D1 /* MetalDevice.h */ = {isa = PBXFileReference; lastKnownFileType = sourcecode.c.h; path = MetalDevice.h; sourceTree = "<group>"; };
		BF86508F26D6491B005917D1 /* device.h */ = {isa = PBXFileReference; lastKnownFileType = sourcecode.c.h; path = device.h; sourceTree = "<group>"; };
		BF86509026D6491B005917D1 /* RenderPipeline.m */ = {isa = PBXFileReference; lastKnownFileType = sourcecode.c.objc; path = RenderPipeline.m; sourceTree = "<group>"; };
		BF86509226D6491B005917D1 /* solid.metal */ = {isa = PBXFileReference; lastKnownFileType = sourcecode.metal; path = solid.metal; sourceTree = "<group>"; };
		BF86509326D6491B005917D1 /* device.m */ = {isa = PBXFileReference; lastKnownFileType = sourcecode.c.objc; path = device.m; sourceTree = "<group>"; };
		BF86509426D6491B005917D1 /* MetalDevice.m */ = {isa = PBXFileReference; lastKnownFileType = sourcecode.c.objc; path = MetalDevice.m; sourceTree = "<group>"; };
		BF86509526D6491B005917D1 /* prefix.h */ = {isa = PBXFileReference; lastKnownFileType = sourcecode.c.h; path = prefix.h; sourceTree = "<group>"; };
		BF92B9B426DE344F0092272D /* test.png */ = {isa = PBXFileReference; lastKnownFileType = image.png; path = test.png; sourceTree = "<group>"; };
		BFAB861026C2CAA100CCDD70 /* Example-iOS.app */ = {isa = PBXFileReference; explicitFileType = wrapper.application; includeInIndex = 0; path = "Example-iOS.app"; sourceTree = BUILT_PRODUCTS_DIR; };
		BFAB861326C2CAA100CCDD70 /* AppDelegate.h */ = {isa = PBXFileReference; lastKnownFileType = sourcecode.c.h; path = AppDelegate.h; sourceTree = "<group>"; };
		BFAB861426C2CAA100CCDD70 /* AppDelegate.m */ = {isa = PBXFileReference; lastKnownFileType = sourcecode.c.objc; path = AppDelegate.m; sourceTree = "<group>"; };
		BFAB861626C2CAA100CCDD70 /* SceneDelegate.h */ = {isa = PBXFileReference; lastKnownFileType = sourcecode.c.h; path = SceneDelegate.h; sourceTree = "<group>"; };
		BFAB861726C2CAA200CCDD70 /* SceneDelegate.m */ = {isa = PBXFileReference; lastKnownFileType = sourcecode.c.objc; path = SceneDelegate.m; sourceTree = "<group>"; };
		BFAB861926C2CAA200CCDD70 /* ViewController.h */ = {isa = PBXFileReference; lastKnownFileType = sourcecode.c.h; path = ViewController.h; sourceTree = "<group>"; };
		BFAB861A26C2CAA200CCDD70 /* ViewController.m */ = {isa = PBXFileReference; lastKnownFileType = sourcecode.c.objc; path = ViewController.m; sourceTree = "<group>"; };
		BFAB861F26C2CAA400CCDD70 /* Assets.xcassets */ = {isa = PBXFileReference; lastKnownFileType = folder.assetcatalog; path = Assets.xcassets; sourceTree = "<group>"; };
		BFAB862526C2CAA400CCDD70 /* main.m */ = {isa = PBXFileReference; lastKnownFileType = sourcecode.c.objc; path = main.m; sourceTree = "<group>"; };
		BFD9A30F26D0CAB600FE500D /* Example-macOS.app */ = {isa = PBXFileReference; explicitFileType = wrapper.application; includeInIndex = 0; path = "Example-macOS.app"; sourceTree = BUILT_PRODUCTS_DIR; };
		BFD9A32526D0CBA600FE500D /* Base */ = {isa = PBXFileReference; lastKnownFileType = file.storyboard; name = Base; path = Base.lproj/LaunchScreen.storyboard; sourceTree = "<group>"; };
		BFD9A32726D0CBA600FE500D /* Base */ = {isa = PBXFileReference; lastKnownFileType = file.storyboard; name = Base; path = Base.lproj/Main.storyboard; sourceTree = "<group>"; };
		BFD9A32826D0CBA600FE500D /* Info.plist */ = {isa = PBXFileReference; fileEncoding = 4; lastKnownFileType = text.plist.xml; path = Info.plist; sourceTree = "<group>"; };
		BFD9A33126D0D4A000FE500D /* macOS.entitlements */ = {isa = PBXFileReference; fileEncoding = 4; lastKnownFileType = text.plist.entitlements; name = macOS.entitlements; path = Example/macOS/macOS.entitlements; sourceTree = SOURCE_ROOT; };
		BFD9A33226D0D4A000FE500D /* Info.plist */ = {isa = PBXFileReference; lastKnownFileType = text.plist; name = Info.plist; path = Example/macOS/Info.plist; sourceTree = SOURCE_ROOT; };
		BFD9A34026D0D5AA00FE500D /* Base */ = {isa = PBXFileReference; lastKnownFileType = file.storyboard; name = Base; path = Example/macOS/Base.lproj/Main.storyboard; sourceTree = SOURCE_ROOT; };
		BFD9A34526D127FE00FE500D /* Lanox2dView.h */ = {isa = PBXFileReference; lastKnownFileType = sourcecode.c.h; path = Lanox2dView.h; sourceTree = "<group>"; };
		BFD9A34A26D127FE00FE500D /* Lanox2d.h */ = {isa = PBXFileReference; lastKnownFileType = sourcecode.c.h; path = Lanox2d.h; sourceTree = "<group>"; };
		BFD9A34E26D1292B00FE500D /* Lanox2dMetalView.h */ = {isa = PBXFileReference; lastKnownFileType = sourcecode.c.h; path = Lanox2dMetalView.h; sourceTree = "<group>"; };
		BFD9A34F26D1292B00FE500D /* Lanox2dMetalView.m */ = {isa = PBXFileReference; lastKnownFileType = sourcecode.c.objc; path = Lanox2dMetalView.m; sourceTree = "<group>"; };
		BFD9A35126D1292B00FE500D /* Lanox2dGLView.m */ = {isa = PBXFileReference; lastKnownFileType = sourcecode.c.objc; path = Lanox2dGLView.m; sourceTree = "<group>"; };
		BFD9A35226D1292B00FE500D /* Lanox2dGLView.h */ = {isa = PBXFileReference; lastKnownFileType = sourcecode.c.h; path = Lanox2dGLView.h; sourceTree = "<group>"; };
		BFD9A35326D1297A00FE500D /* Lanox2dMetalRenderer.h */ = {isa = PBXFileReference; lastKnownFileType = sourcecode.c.h; path = Lanox2dMetalRenderer.h; sourceTree = "<group>"; };
		BFD9A35426D1297A00FE500D /* Lanox2dMetalRenderer.m */ = {isa = PBXFileReference; lastKnownFileType = sourcecode.c.objc; path = Lanox2dMetalRenderer.m; sourceTree = "<group>"; };
		BFD9A35626D13A7400FE500D /* Lanox2dViewDelegate.h */ = {isa = PBXFileReference; lastKnownFileType = sourcecode.c.h; path = Lanox2dViewDelegate.h; sourceTree = "<group>"; };
/* End PBXFileReference section */

/* Begin PBXFrameworksBuildPhase section */
		BFAB860D26C2CAA100CCDD70 /* Frameworks */ = {
			isa = PBXFrameworksBuildPhase;
			buildActionMask = 2147483647;
			files = (
			);
			runOnlyForDeploymentPostprocessing = 0;
		};
		BFD9A30C26D0CAB600FE500D /* Frameworks */ = {
			isa = PBXFrameworksBuildPhase;
			buildActionMask = 2147483647;
			files = (
			);
			runOnlyForDeploymentPostprocessing = 0;
		};
/* End PBXFrameworksBuildPhase section */

/* Begin PBXGroup section */
		BF86508426D6491B005917D1 /* device */ = {
			isa = PBXGroup;
			children = (
				BF86508C26D6491B005917D1 /* metal */,
			);
			name = device;
			path = ../../../lanox2d/core/device;
			sourceTree = "<group>";
		};
		BF86508C26D6491B005917D1 /* metal */ = {
			isa = PBXGroup;
			children = (
				BF86509126D6491B005917D1 /* shaders */,
				BF86508E26D6491B005917D1 /* MetalDevice.h */,
				BF86509426D6491B005917D1 /* MetalDevice.m */,
				BF86508D26D6491B005917D1 /* RenderPipeline.h */,
				BF86509026D6491B005917D1 /* RenderPipeline.m */,
				BF86508F26D6491B005917D1 /* device.h */,
				BF86509326D6491B005917D1 /* device.m */,
				BF86509526D6491B005917D1 /* prefix.h */,
			);
			path = metal;
			sourceTree = "<group>";
		};
		BF86509126D6491B005917D1 /* shaders */ = {
			isa = PBXGroup;
			children = (
				BF86509226D6491B005917D1 /* solid.metal */,
			);
			path = shaders;
			sourceTree = "<group>";
		};
		BF92B9B326DE344F0092272D /* res */ = {
			isa = PBXGroup;
			children = (
				BF01616226EB58F8003E4F22 /* test.jpg */,
				BF92B9B426DE344F0092272D /* test.png */,
			);
			name = res;
			path = ../../../../res;
			sourceTree = "<group>";
		};
		BFAB860726C2CAA100CCDD70 = {
			isa = PBXGroup;
			children = (
				BFAB861226C2CAA100CCDD70 /* Example */,
				BFD9A34226D127FE00FE500D /* Lanox2d */,
				BFAB861126C2CAA100CCDD70 /* Products */,
			);
			sourceTree = "<group>";
		};
		BFAB861126C2CAA100CCDD70 /* Products */ = {
			isa = PBXGroup;
			children = (
				BFAB861026C2CAA100CCDD70 /* Example-iOS.app */,
				BFD9A30F26D0CAB600FE500D /* Example-macOS.app */,
			);
			name = Products;
			sourceTree = "<group>";
		};
		BFAB861226C2CAA100CCDD70 /* Example */ = {
			isa = PBXGroup;
			children = (
				BF92B9B326DE344F0092272D /* res */,
				BFAB861926C2CAA200CCDD70 /* ViewController.h */,
				BFAB861A26C2CAA200CCDD70 /* ViewController.m */,
				BFAB861F26C2CAA400CCDD70 /* Assets.xcassets */,
				BFAB862526C2CAA400CCDD70 /* main.m */,
				BFD9A31026D0CAB600FE500D /* macOS */,
				BFD9A32326D0CBA600FE500D /* iOS */,
			);
			path = Example;
			sourceTree = "<group>";
		};
		BFD9A31026D0CAB600FE500D /* macOS */ = {
			isa = PBXGroup;
			children = (
				BFD9A33F26D0D5AA00FE500D /* Main.storyboard */,
				BFD9A33226D0D4A000FE500D /* Info.plist */,
				BFD9A33126D0D4A000FE500D /* macOS.entitlements */,
			);
			name = macOS;
			path = ../macOS;
			sourceTree = "<group>";
		};
		BFD9A32326D0CBA600FE500D /* iOS */ = {
			isa = PBXGroup;
			children = (
				BFAB861326C2CAA100CCDD70 /* AppDelegate.h */,
				BFAB861426C2CAA100CCDD70 /* AppDelegate.m */,
				BFAB861626C2CAA100CCDD70 /* SceneDelegate.h */,
				BFAB861726C2CAA200CCDD70 /* SceneDelegate.m */,
				BFD9A32426D0CBA600FE500D /* LaunchScreen.storyboard */,
				BFD9A32626D0CBA600FE500D /* Main.storyboard */,
				BFD9A32826D0CBA600FE500D /* Info.plist */,
			);
			path = iOS;
			sourceTree = "<group>";
		};
		BFD9A34226D127FE00FE500D /* Lanox2d */ = {
			isa = PBXGroup;
			children = (
				BF86508426D6491B005917D1 /* device */,
				BFD9A34D26D1292B00FE500D /* metal */,
				BFD9A35026D1292B00FE500D /* opengl */,
				BFD9A34526D127FE00FE500D /* Lanox2dView.h */,
				BFD9A35626D13A7400FE500D /* Lanox2dViewDelegate.h */,
				BFD9A34A26D127FE00FE500D /* Lanox2d.h */,
			);
			path = Lanox2d;
			sourceTree = "<group>";
		};
		BFD9A34D26D1292B00FE500D /* metal */ = {
			isa = PBXGroup;
			children = (
				BFD9A35326D1297A00FE500D /* Lanox2dMetalRenderer.h */,
				BFD9A35426D1297A00FE500D /* Lanox2dMetalRenderer.m */,
				BFD9A34E26D1292B00FE500D /* Lanox2dMetalView.h */,
				BFD9A34F26D1292B00FE500D /* Lanox2dMetalView.m */,
			);
			path = metal;
			sourceTree = "<group>";
		};
		BFD9A35026D1292B00FE500D /* opengl */ = {
			isa = PBXGroup;
			children = (
				BFD9A35126D1292B00FE500D /* Lanox2dGLView.m */,
				BFD9A35226D1292B00FE500D /* Lanox2dGLView.h */,
			);
			path = opengl;
			sourceTree = "<group>";
		};
/* End PBXGroup section */

/* Begin PBXNativeTarget section */
		BFAB860F26C2CAA100CCDD70 /* Example-iOS */ = {
			isa = PBXNativeTarget;
			buildConfigurationList = BFAB862926C2CAA400CCDD70 /* Build configuration list for PBXNativeTarget "Example-iOS" */;
			buildPhases = (
				BF79CA4D26C4F1B5006B47CE /* Run Script */,
				BFAB860C26C2CAA100CCDD70 /* Sources */,
				BFAB860D26C2CAA100CCDD70 /* Frameworks */,
				BFAB860E26C2CAA100CCDD70 /* Resources */,
				BFBF30A426C2CC180036AEB3 /* Embed Frameworks */,
			);
			buildRules = (
			);
			dependencies = (
			);
			name = "Example-iOS";
			productName = Example;
			productReference = BFAB861026C2CAA100CCDD70 /* Example-iOS.app */;
			productType = "com.apple.product-type.application";
		};
		BFD9A30E26D0CAB600FE500D /* Example-macOS */ = {
			isa = PBXNativeTarget;
			buildConfigurationList = BFD9A32026D0CAB800FE500D /* Build configuration list for PBXNativeTarget "Example-macOS" */;
			buildPhases = (
				BFD9A33026D0CE4E00FE500D /* Run Script */,
				BFD9A30B26D0CAB600FE500D /* Sources */,
				BFD9A30C26D0CAB600FE500D /* Frameworks */,
				BFD9A30D26D0CAB600FE500D /* Resources */,
			);
			buildRules = (
			);
			dependencies = (
			);
			name = "Example-macOS";
			productName = "Example-macOS";
			productReference = BFD9A30F26D0CAB600FE500D /* Example-macOS.app */;
			productType = "com.apple.product-type.application";
		};
/* End PBXNativeTarget section */

/* Begin PBXProject section */
		BFAB860826C2CAA100CCDD70 /* Project object */ = {
			isa = PBXProject;
			attributes = {
				LastUpgradeCheck = 1150;
				ORGANIZATIONNAME = lanox2d;
				TargetAttributes = {
					BFAB860F26C2CAA100CCDD70 = {
						CreatedOnToolsVersion = 11.5;
					};
					BFD9A30E26D0CAB600FE500D = {
						CreatedOnToolsVersion = 11.5;
					};
				};
			};
			buildConfigurationList = BFAB860B26C2CAA100CCDD70 /* Build configuration list for PBXProject "Example" */;
			compatibilityVersion = "Xcode 9.3";
			developmentRegion = en;
			hasScannedForEncodings = 0;
			knownRegions = (
				en,
				Base,
			);
			mainGroup = BFAB860726C2CAA100CCDD70;
			productRefGroup = BFAB861126C2CAA100CCDD70 /* Products */;
			projectDirPath = "";
			projectRoot = "";
			targets = (
				BFAB860F26C2CAA100CCDD70 /* Example-iOS */,
				BFD9A30E26D0CAB600FE500D /* Example-macOS */,
			);
		};
/* End PBXProject section */

/* Begin PBXResourcesBuildPhase section */
		BFAB860E26C2CAA100CCDD70 /* Resources */ = {
			isa = PBXResourcesBuildPhase;
			buildActionMask = 2147483647;
			files = (
				BFD9A32A26D0CBA600FE500D /* Main.storyboard in Resources */,
				BFD9A32926D0CBA600FE500D /* LaunchScreen.storyboard in Resources */,
				BF92B9B526DE344F0092272D /* test.png in Resources */,
				BF01616326EB58F9003E4F22 /* test.jpg in Resources */,
			);
			runOnlyForDeploymentPostprocessing = 0;
		};
		BFD9A30D26D0CAB600FE500D /* Resources */ = {
			isa = PBXResourcesBuildPhase;
			buildActionMask = 2147483647;
			files = (
				BFD9A33626D0D4A100FE500D /* Info.plist in Resources */,
				BFD9A34126D0D5AA00FE500D /* Main.storyboard in Resources */,
				BF92B9B626DE344F0092272D /* test.png in Resources */,
				BF01616426EB58F9003E4F22 /* test.jpg in Resources */,
			);
			runOnlyForDeploymentPostprocessing = 0;
		};
/* End PBXResourcesBuildPhase section */

/* Begin PBXShellScriptBuildPhase section */
		BF79CA4D26C4F1B5006B47CE /* Run Script */ = {
			isa = PBXShellScriptBuildPhase;
			buildActionMask = 2147483647;
			files = (
			);
			inputFileListPaths = (
			);
			inputPaths = (
			);
			name = "Run Script";
			outputFileListPaths = (
			);
			outputPaths = (
			);
			runOnlyForDeploymentPostprocessing = 0;
			shellPath = /bin/sh;
			shellScript = "# Type a script or drag a script file from your workspace to insert its path.\ncd ../../../\nexport XMAKE_COLORTERM=nocolor\n#$HOME/.local/bin/xmake pod_build -p iphoneos -m debug -d opengl\n$HOME/.local/bin/xmake pod_build -p iphoneos -m debug -d metal\n#$HOME/.local/bin/xmake pod_build -p iphoneos -m releasedbg -d opengl\n#$HOME/.local/bin/xmake pod_build -p iphoneos -m releasedbg -d metal\n\n";
		};
		BFD9A33026D0CE4E00FE500D /* Run Script */ = {
			isa = PBXShellScriptBuildPhase;
			buildActionMask = 2147483647;
			files = (
			);
			inputFileListPaths = (
			);
			inputPaths = (
			);
			name = "Run Script";
			outputFileListPaths = (
			);
			outputPaths = (
			);
			runOnlyForDeploymentPostprocessing = 0;
			shellPath = /bin/sh;
			shellScript = "# Type a script or drag a script file from your workspace to insert its path.\ncd ../../../\nexport XMAKE_COLORTERM=nocolor\n$HOME/.local/bin/xmake pod_build -p macosx -m debug -d metal\n#$HOME/.local/bin/xmake pod_build -p macosx -m releasedbg -d metal\n\n";
		};
/* End PBXShellScriptBuildPhase section */

/* Begin PBXSourcesBuildPhase section */
		BFAB860C26C2CAA100CCDD70 /* Sources */ = {
			isa = PBXSourcesBuildPhase;
			buildActionMask = 2147483647;
			files = (
				BFAB861B26C2CAA200CCDD70 /* ViewController.m in Sources */,
				BFAB861526C2CAA100CCDD70 /* AppDelegate.m in Sources */,
				BFAB862626C2CAA400CCDD70 /* main.m in Sources */,
				BFAB861826C2CAA200CCDD70 /* SceneDelegate.m in Sources */,
			);
			runOnlyForDeploymentPostprocessing = 0;
		};
		BFD9A30B26D0CAB600FE500D /* Sources */ = {
			isa = PBXSourcesBuildPhase;
			buildActionMask = 2147483647;
			files = (
				BFD9A32E26D0CD6F00FE500D /* ViewController.m in Sources */,
				BFD9A32F26D0CD6F00FE500D /* main.m in Sources */,
			);
			runOnlyForDeploymentPostprocessing = 0;
		};
/* End PBXSourcesBuildPhase section */

/* Begin PBXVariantGroup section */
		BFD9A32426D0CBA600FE500D /* LaunchScreen.storyboard */ = {
			isa = PBXVariantGroup;
			children = (
				BFD9A32526D0CBA600FE500D /* Base */,
			);
			name = LaunchScreen.storyboard;
			sourceTree = "<group>";
		};
		BFD9A32626D0CBA600FE500D /* Main.storyboard */ = {
			isa = PBXVariantGroup;
			children = (
				BFD9A32726D0CBA600FE500D /* Base */,
			);
			name = Main.storyboard;
			sourceTree = "<group>";
		};
		BFD9A33F26D0D5AA00FE500D /* Main.storyboard */ = {
			isa = PBXVariantGroup;
			children = (
				BFD9A34026D0D5AA00FE500D /* Base */,
			);
			name = Main.storyboard;
			sourceTree = "<group>";
		};
/* End PBXVariantGroup section */

/* Begin XCBuildConfiguration section */
		BFAB862726C2CAA400CCDD70 /* Debug */ = {
			isa = XCBuildConfiguration;
			buildSettings = {
				ALWAYS_SEARCH_USER_PATHS = NO;
				CLANG_ANALYZER_NONNULL = YES;
				CLANG_ANALYZER_NUMBER_OBJECT_CONVERSION = YES_AGGRESSIVE;
				CLANG_CXX_LANGUAGE_STANDARD = "gnu++14";
				CLANG_CXX_LIBRARY = "libc++";
				CLANG_ENABLE_MODULES = YES;
				CLANG_ENABLE_OBJC_ARC = YES;
				CLANG_ENABLE_OBJC_WEAK = YES;
				CLANG_WARN_BLOCK_CAPTURE_AUTORELEASING = YES;
				CLANG_WARN_BOOL_CONVERSION = YES;
				CLANG_WARN_COMMA = YES;
				CLANG_WARN_CONSTANT_CONVERSION = YES;
				CLANG_WARN_DEPRECATED_OBJC_IMPLEMENTATIONS = YES;
				CLANG_WARN_DIRECT_OBJC_ISA_USAGE = YES_ERROR;
				CLANG_WARN_DOCUMENTATION_COMMENTS = YES;
				CLANG_WARN_EMPTY_BODY = YES;
				CLANG_WARN_ENUM_CONVERSION = YES;
				CLANG_WARN_INFINITE_RECURSION = YES;
				CLANG_WARN_INT_CONVERSION = YES;
				CLANG_WARN_NON_LITERAL_NULL_CONVERSION = YES;
				CLANG_WARN_OBJC_IMPLICIT_RETAIN_SELF = YES;
				CLANG_WARN_OBJC_LITERAL_CONVERSION = YES;
				CLANG_WARN_OBJC_ROOT_CLASS = YES_ERROR;
				CLANG_WARN_RANGE_LOOP_ANALYSIS = YES;
				CLANG_WARN_STRICT_PROTOTYPES = YES;
				CLANG_WARN_SUSPICIOUS_MOVE = YES;
				CLANG_WARN_UNGUARDED_AVAILABILITY = YES_AGGRESSIVE;
				CLANG_WARN_UNREACHABLE_CODE = YES;
				CLANG_WARN__DUPLICATE_METHOD_MATCH = YES;
				COPY_PHASE_STRIP = NO;
				DEBUG_INFORMATION_FORMAT = dwarf;
				ENABLE_STRICT_OBJC_MSGSEND = YES;
				ENABLE_TESTABILITY = YES;
				GCC_C_LANGUAGE_STANDARD = gnu11;
				GCC_DYNAMIC_NO_PIC = NO;
				GCC_NO_COMMON_BLOCKS = YES;
				GCC_OPTIMIZATION_LEVEL = 0;
				GCC_PREPROCESSOR_DEFINITIONS = (
					"DEBUG=1",
					"$(inherited)",
				);
				GCC_WARN_64_TO_32_BIT_CONVERSION = YES;
				GCC_WARN_ABOUT_RETURN_TYPE = YES_ERROR;
				GCC_WARN_UNDECLARED_SELECTOR = YES;
				GCC_WARN_UNINITIALIZED_AUTOS = YES_AGGRESSIVE;
				GCC_WARN_UNUSED_FUNCTION = YES;
				GCC_WARN_UNUSED_VARIABLE = YES;
				IPHONEOS_DEPLOYMENT_TARGET = 13.5;
				MTL_ENABLE_DEBUG_INFO = INCLUDE_SOURCE;
				MTL_FAST_MATH = YES;
				ONLY_ACTIVE_ARCH = YES;
				SDKROOT = iphoneos;
			};
			name = Debug;
		};
		BFAB862826C2CAA400CCDD70 /* Release */ = {
			isa = XCBuildConfiguration;
			buildSettings = {
				ALWAYS_SEARCH_USER_PATHS = NO;
				CLANG_ANALYZER_NONNULL = YES;
				CLANG_ANALYZER_NUMBER_OBJECT_CONVERSION = YES_AGGRESSIVE;
				CLANG_CXX_LANGUAGE_STANDARD = "gnu++14";
				CLANG_CXX_LIBRARY = "libc++";
				CLANG_ENABLE_MODULES = YES;
				CLANG_ENABLE_OBJC_ARC = YES;
				CLANG_ENABLE_OBJC_WEAK = YES;
				CLANG_WARN_BLOCK_CAPTURE_AUTORELEASING = YES;
				CLANG_WARN_BOOL_CONVERSION = YES;
				CLANG_WARN_COMMA = YES;
				CLANG_WARN_CONSTANT_CONVERSION = YES;
				CLANG_WARN_DEPRECATED_OBJC_IMPLEMENTATIONS = YES;
				CLANG_WARN_DIRECT_OBJC_ISA_USAGE = YES_ERROR;
				CLANG_WARN_DOCUMENTATION_COMMENTS = YES;
				CLANG_WARN_EMPTY_BODY = YES;
				CLANG_WARN_ENUM_CONVERSION = YES;
				CLANG_WARN_INFINITE_RECURSION = YES;
				CLANG_WARN_INT_CONVERSION = YES;
				CLANG_WARN_NON_LITERAL_NULL_CONVERSION = YES;
				CLANG_WARN_OBJC_IMPLICIT_RETAIN_SELF = YES;
				CLANG_WARN_OBJC_LITERAL_CONVERSION = YES;
				CLANG_WARN_OBJC_ROOT_CLASS = YES_ERROR;
				CLANG_WARN_RANGE_LOOP_ANALYSIS = YES;
				CLANG_WARN_STRICT_PROTOTYPES = YES;
				CLANG_WARN_SUSPICIOUS_MOVE = YES;
				CLANG_WARN_UNGUARDED_AVAILABILITY = YES_AGGRESSIVE;
				CLANG_WARN_UNREACHABLE_CODE = YES;
				CLANG_WARN__DUPLICATE_METHOD_MATCH = YES;
				COPY_PHASE_STRIP = NO;
				DEBUG_INFORMATION_FORMAT = "dwarf-with-dsym";
				ENABLE_NS_ASSERTIONS = NO;
				ENABLE_STRICT_OBJC_MSGSEND = YES;
				GCC_C_LANGUAGE_STANDARD = gnu11;
				GCC_NO_COMMON_BLOCKS = YES;
				GCC_WARN_64_TO_32_BIT_CONVERSION = YES;
				GCC_WARN_ABOUT_RETURN_TYPE = YES_ERROR;
				GCC_WARN_UNDECLARED_SELECTOR = YES;
				GCC_WARN_UNINITIALIZED_AUTOS = YES_AGGRESSIVE;
				GCC_WARN_UNUSED_FUNCTION = YES;
				GCC_WARN_UNUSED_VARIABLE = YES;
				IPHONEOS_DEPLOYMENT_TARGET = 13.5;
				MTL_ENABLE_DEBUG_INFO = NO;
				MTL_FAST_MATH = YES;
				SDKROOT = iphoneos;
				VALIDATE_PRODUCT = YES;
			};
			name = Release;
		};
		BFAB862A26C2CAA400CCDD70 /* Debug */ = {
			isa = XCBuildConfiguration;
			buildSettings = {
				ALWAYS_SEARCH_USER_PATHS = NO;
				ASSETCATALOG_COMPILER_APPICON_NAME = AppIcon;
				CODE_SIGN_STYLE = Automatic;
				DEVELOPMENT_TEAM = 43AAQM58X3;
				FRAMEWORK_SEARCH_PATHS = "";
				HEADER_SEARCH_PATHS = "../../../build/iphoneos/install/$(CURRENT_ARCH)/include";
				INFOPLIST_FILE = Example/iOS/Info.plist;
				LD_RUNPATH_SEARCH_PATHS = (
					"$(inherited)",
					"@executable_path/Frameworks",
				);
				LIBRARY_SEARCH_PATHS = "../../../build/iphoneos/install/$(CURRENT_ARCH)/lib";
				OTHER_CFLAGS = "-DLX_NOMAIN_ENTRY";
				OTHER_LDFLAGS = "-llanox2d";
				PRODUCT_BUNDLE_IDENTIFIER = "io.lanox2d.Example-iOS";
				PRODUCT_NAME = "$(TARGET_NAME)";
				TARGETED_DEVICE_FAMILY = "1,2";
				USE_HEADERMAP = YES;
			};
			name = Debug;
		};
		BFAB862B26C2CAA400CCDD70 /* Release */ = {
			isa = XCBuildConfiguration;
			buildSettings = {
				ALWAYS_SEARCH_USER_PATHS = NO;
				ASSETCATALOG_COMPILER_APPICON_NAME = AppIcon;
				CODE_SIGN_STYLE = Automatic;
				DEVELOPMENT_TEAM = 43AAQM58X3;
				FRAMEWORK_SEARCH_PATHS = "";
				HEADER_SEARCH_PATHS = "../../../build/iphoneos/install/$(CURRENT_ARCH)/include";
				INFOPLIST_FILE = Example/iOS/Info.plist;
				LD_RUNPATH_SEARCH_PATHS = (
					"$(inherited)",
					"@executable_path/Frameworks",
				);
				LIBRARY_SEARCH_PATHS = "../../../build/iphoneos/install/$(CURRENT_ARCH)/lib";
				OTHER_CFLAGS = "-DLX_NOMAIN_ENTRY";
				OTHER_LDFLAGS = "-llanox2d";
				PRODUCT_BUNDLE_IDENTIFIER = "io.lanox2d.Example-iOS";
				PRODUCT_NAME = "$(TARGET_NAME)";
				TARGETED_DEVICE_FAMILY = "1,2";
				USE_HEADERMAP = YES;
			};
			name = Release;
		};
		BFD9A32126D0CAB800FE500D /* Debug */ = {
			isa = XCBuildConfiguration;
			buildSettings = {
				ASSETCATALOG_COMPILER_APPICON_NAME = AppIcon;
				CODE_SIGN_ENTITLEMENTS = "Example/macOS/macOS.entitlements";
				CODE_SIGN_STYLE = Automatic;
				COMBINE_HIDPI_IMAGES = YES;
				HEADER_SEARCH_PATHS = "../../../build/macosx/install/$(CURRENT_ARCH)/include";
				INFOPLIST_FILE = Example/macOS/Info.plist;
				LD_RUNPATH_SEARCH_PATHS = (
					"$(inherited)",
					"@executable_path/../Frameworks",
				);
				LIBRARY_SEARCH_PATHS = "../../../build/macosx/install/$(CURRENT_ARCH)/lib";
				MACOSX_DEPLOYMENT_TARGET = 10.15;
				OTHER_CFLAGS = "-DLX_NOMAIN_ENTRY";
				OTHER_LDFLAGS = "-llanox2d";
				PRODUCT_BUNDLE_IDENTIFIER = "io.lanox2d.Example-macOS";
				PRODUCT_NAME = "$(TARGET_NAME)";
				SDKROOT = macosx;
			};
			name = Debug;
		};
		BFD9A32226D0CAB800FE500D /* Release */ = {
			isa = XCBuildConfiguration;
			buildSettings = {
				ASSETCATALOG_COMPILER_APPICON_NAME = AppIcon;
				CODE_SIGN_ENTITLEMENTS = "Example/macOS/macOS.entitlements";
				CODE_SIGN_STYLE = Automatic;
				COMBINE_HIDPI_IMAGES = YES;
				HEADER_SEARCH_PATHS = "../../../build/macosx/install/$(CURRENT_ARCH)/include";
				INFOPLIST_FILE = Example/macOS/Info.plist;
				LD_RUNPATH_SEARCH_PATHS = (
					"$(inherited)",
					"@executable_path/../Frameworks",
				);
				LIBRARY_SEARCH_PATHS = "../../../build/macosx/install/$(CURRENT_ARCH)/lib";
				MACOSX_DEPLOYMENT_TARGET = 10.15;
				OTHER_CFLAGS = "-DLX_NOMAIN_ENTRY";
				OTHER_LDFLAGS = "-llanox2d";
				PRODUCT_BUNDLE_IDENTIFIER = "io.lanox2d.Example-macOS";
				PRODUCT_NAME = "$(TARGET_NAME)";
				SDKROOT = macosx;
			};
			name = Release;
		};
/* End XCBuildConfiguration section */

/* Begin XCConfigurationList section */
		BFAB860B26C2CAA100CCDD70 /* Build configuration list for PBXProject "Example" */ = {
			isa = XCConfigurationList;
			buildConfigurations = (
				BFAB862726C2CAA400CCDD70 /* Debug */,
				BFAB862826C2CAA400CCDD70 /* Release */,
			);
			defaultConfigurationIsVisible = 0;
			defaultConfigurationName = Release;
		};
		BFAB862926C2CAA400CCDD70 /* Build configuration list for PBXNativeTarget "Example-iOS" */ = {
			isa = XCConfigurationList;
			buildConfigurations = (
				BFAB862A26C2CAA400CCDD70 /* Debug */,
				BFAB862B26C2CAA400CCDD70 /* Release */,
			);
			defaultConfigurationIsVisible = 0;
			defaultConfigurationName = Release;
		};
		BFD9A32026D0CAB800FE500D /* Build configuration list for PBXNativeTarget "Example-macOS" */ = {
			isa = XCConfigurationList;
			buildConfigurations = (
				BFD9A32126D0CAB800FE500D /* Debug */,
				BFD9A32226D0CAB800FE500D /* Release */,
			);
			defaultConfigurationIsVisible = 0;
			defaultConfigurationName = Release;
		};
/* End XCConfigurationList section */
	};
	rootObject = BFAB860826C2CAA100CCDD70 /* Project object */;
}
